{
  "name": "todo-monorepo-test",
  "version": "1.0.0",
  "lockfileVersion": 3,
  "requires": true,
  "packages": {
    "": {
      "name": "todo-monorepo-test",
      "version": "1.0.0",
      "license": "ISC",
      "workspaces": [
        "main",
        "shared"
      ],
      "dependencies": {
        "rescript": "file:../../home/pedro/Desktop/projects/rescript-compiler"
      }
    },
    "../../home/pedro/Desktop/projects/rescript-compiler": {
      "name": "rescript",
      "version": "11.1.0-rc.8",
      "hasInstallScript": true,
      "license": "SEE LICENSE IN LICENSE",
      "bin": {
        "bsc": "bsc",
        "bstracing": "lib/bstracing",
        "rescript": "rescript"
      },
      "devDependencies": {
        "mocha": "10.1.0",
        "nyc": "15.0.0",
        "prettier": "2.7.1"
      },
      "engines": {
        "node": ">=10"
      }
    },
    "main": {
      "version": "1.0.0",
      "license": "ISC",
      "dependencies": {
        "shared": "1.0.0"
      }
    },
    "node_modules/main": {
      "resolved": "main",
      "link": true
    },
    "node_modules/rescript": {
      "resolved": "../../home/pedro/Desktop/projects/rescript-compiler",
      "link": true
    },
    "node_modules/shared": {
      "resolved": "shared",
      "link": true
    },
    "shared": {
      "version": "1.0.0",
      "license": "ISC"
    }
  }
}
